// !$*UTF8*$!
{
	archiveVersion = 1;
	classes = {
	};
	objectVersion = 51;
	objects = {

/* Begin PBXBuildFile section */
		F195B08823D6C8CA002A16FE /* DetailViewController.swift in Sources */ = {isa = PBXBuildFile; fileRef = F195B08723D6C8CA002A16FE /* DetailViewController.swift */; };
		F195B08C23D6D1A2002A16FE /* MenuTableViewController.swift in Sources */ = {isa = PBXBuildFile; fileRef = F195B08A23D6CFD6002A16FE /* MenuTableViewController.swift */; };
		F195B08D23D6D1A4002A16FE /* ColorPresetTableViewCell.swift in Sources */ = {isa = PBXBuildFile; fileRef = F195B08B23D6CFD6002A16FE /* ColorPresetTableViewCell.swift */; };
		F195B09023D6F80D002A16FE /* MainColorCell.swift in Sources */ = {isa = PBXBuildFile; fileRef = F195B08E23D6F80D002A16FE /* MainColorCell.swift */; };
		F195B09123D6F80D002A16FE /* MainColorCell.xib in Resources */ = {isa = PBXBuildFile; fileRef = F195B08F23D6F80D002A16FE /* MainColorCell.xib */; };
		F195B09C23D6FBF0002A16FE /* PreviewView.swift in Sources */ = {isa = PBXBuildFile; fileRef = F195B09423D6FBF0002A16FE /* PreviewView.swift */; };
		F195B09D23D6FBF0002A16FE /* ColorSlider.swift in Sources */ = {isa = PBXBuildFile; fileRef = F195B09523D6FBF0002A16FE /* ColorSlider.swift */; };
		F195B09E23D6FBF0002A16FE /* Gradient.swift in Sources */ = {isa = PBXBuildFile; fileRef = F195B09723D6FBF0002A16FE /* Gradient.swift */; };
		F195B09F23D6FBF0002A16FE /* ColorSliderExtensions.swift in Sources */ = {isa = PBXBuildFile; fileRef = F195B09823D6FBF0002A16FE /* ColorSliderExtensions.swift */; };
		F195B0A023D6FBF0002A16FE /* HSBColor.swift in Sources */ = {isa = PBXBuildFile; fileRef = F195B09923D6FBF0002A16FE /* HSBColor.swift */; };
		F195B0A123D6FBF0002A16FE /* GradientView.swift in Sources */ = {isa = PBXBuildFile; fileRef = F195B09A23D6FBF0002A16FE /* GradientView.swift */; };
		F195B0A223D6FBF0002A16FE /* DefaultPreviewView.swift in Sources */ = {isa = PBXBuildFile; fileRef = F195B09B23D6FBF0002A16FE /* DefaultPreviewView.swift */; };
		F1A99F1823FF2FCA00416F24 /* Happyplanet.metal in Sources */ = {isa = PBXBuildFile; fileRef = F1A99F1723FF2FCA00416F24 /* Happyplanet.metal */; };
		F1A99F1A23FF387000416F24 /* MetalTexture.swift in Sources */ = {isa = PBXBuildFile; fileRef = F1A99F1923FF387000416F24 /* MetalTexture.swift */; };
		F1A99F1C23FF47BE00416F24 /* VectorMath.swift in Sources */ = {isa = PBXBuildFile; fileRef = F1A99F1B23FF47BE00416F24 /* VectorMath.swift */; };
		F1C2CD4A23D773070078D698 /* robotoMono-medium.ttf in Resources */ = {isa = PBXBuildFile; fileRef = F1C2CD4623D773060078D698 /* robotoMono-medium.ttf */; };
		F1C2CD4B23D773070078D698 /* robotoMono-bold.ttf in Resources */ = {isa = PBXBuildFile; fileRef = F1C2CD4723D773060078D698 /* robotoMono-bold.ttf */; };
		F1C2CD4C23D773070078D698 /* exo-semibold.ttf in Resources */ = {isa = PBXBuildFile; fileRef = F1C2CD4823D773060078D698 /* exo-semibold.ttf */; };
		F1C2CD4D23D773070078D698 /* robotoMono-regular.ttf in Resources */ = {isa = PBXBuildFile; fileRef = F1C2CD4923D773070078D698 /* robotoMono-regular.ttf */; };
		F1C2CD5323D7929D0078D698 /* SimpleTableViewCell.swift in Sources */ = {isa = PBXBuildFile; fileRef = F1C2CD5223D7929D0078D698 /* SimpleTableViewCell.swift */; };
		F1C2CD6223D7A7800078D698 /* UIColor+Extension.swift in Sources */ = {isa = PBXBuildFile; fileRef = F1C2CD5723D7A7800078D698 /* UIColor+Extension.swift */; };
		F1C2CD6423D7A7800078D698 /* ColorPickerViewDelegate.swift in Sources */ = {isa = PBXBuildFile; fileRef = F1C2CD5A23D7A7800078D698 /* ColorPickerViewDelegate.swift */; };
		F1C2CD6523D7A7800078D698 /* ColorPickerViewDelegateFlowLayout.swift in Sources */ = {isa = PBXBuildFile; fileRef = F1C2CD5B23D7A7800078D698 /* ColorPickerViewDelegateFlowLayout.swift */; };
		F1C2CD6623D7A7800078D698 /* ColorPickerCell.swift in Sources */ = {isa = PBXBuildFile; fileRef = F1C2CD5D23D7A7800078D698 /* ColorPickerCell.swift */; };
		F1C2CD6723D7A7800078D698 /* ColorPickerView.swift in Sources */ = {isa = PBXBuildFile; fileRef = F1C2CD5E23D7A7800078D698 /* ColorPickerView.swift */; };
		F1C2CD6823D7A7800078D698 /* DefaultValuesIG.swift in Sources */ = {isa = PBXBuildFile; fileRef = F1C2CD5F23D7A7800078D698 /* DefaultValuesIG.swift */; };
		F1C2CD8123D7A8240078D698 /* M13CheckboxExpandController.swift in Sources */ = {isa = PBXBuildFile; fileRef = F1C2CD6D23D7A8240078D698 /* M13CheckboxExpandController.swift */; };
		F1C2CD8223D7A8240078D698 /* M13CheckboxSpiralController.swift in Sources */ = {isa = PBXBuildFile; fileRef = F1C2CD6E23D7A8240078D698 /* M13CheckboxSpiralController.swift */; };
		F1C2CD8323D7A8240078D698 /* M13CheckboxFadeController.swift in Sources */ = {isa = PBXBuildFile; fileRef = F1C2CD6F23D7A8240078D698 /* M13CheckboxFadeController.swift */; };
		F1C2CD8423D7A8240078D698 /* M13CheckboxFlatController.swift in Sources */ = {isa = PBXBuildFile; fileRef = F1C2CD7023D7A8240078D698 /* M13CheckboxFlatController.swift */; };
		F1C2CD8523D7A8240078D698 /* M13CheckboxFillController.swift in Sources */ = {isa = PBXBuildFile; fileRef = F1C2CD7123D7A8240078D698 /* M13CheckboxFillController.swift */; };
		F1C2CD8623D7A8240078D698 /* M13CheckboxStrokeController.swift in Sources */ = {isa = PBXBuildFile; fileRef = F1C2CD7223D7A8240078D698 /* M13CheckboxStrokeController.swift */; };
		F1C2CD8723D7A8240078D698 /* M13CheckboxBounceController.swift in Sources */ = {isa = PBXBuildFile; fileRef = F1C2CD7323D7A8240078D698 /* M13CheckboxBounceController.swift */; };
		F1C2CD8823D7A8240078D698 /* M13CheckboxDotController.swift in Sources */ = {isa = PBXBuildFile; fileRef = F1C2CD7423D7A8240078D698 /* M13CheckboxDotController.swift */; };
		F1C2CD8923D7A8240078D698 /* M13CheckboxPathGenerator.swift in Sources */ = {isa = PBXBuildFile; fileRef = F1C2CD7623D7A8240078D698 /* M13CheckboxPathGenerator.swift */; };
		F1C2CD8A23D7A8240078D698 /* M13CheckboxCheckPathGenerator.swift in Sources */ = {isa = PBXBuildFile; fileRef = F1C2CD7723D7A8240078D698 /* M13CheckboxCheckPathGenerator.swift */; };
		F1C2CD8B23D7A8240078D698 /* M13CheckboxDisclosurePathGenerator.swift in Sources */ = {isa = PBXBuildFile; fileRef = F1C2CD7823D7A8240078D698 /* M13CheckboxDisclosurePathGenerator.swift */; };
		F1C2CD8C23D7A8240078D698 /* M13CheckboxAddRemovePathGenerator.swift in Sources */ = {isa = PBXBuildFile; fileRef = F1C2CD7923D7A8240078D698 /* M13CheckboxAddRemovePathGenerator.swift */; };
		F1C2CD8D23D7A8240078D698 /* M13CheckboxRadioPathGenerator.swift in Sources */ = {isa = PBXBuildFile; fileRef = F1C2CD7A23D7A8240078D698 /* M13CheckboxRadioPathGenerator.swift */; };
		F1C2CD8E23D7A8240078D698 /* M13Checkbox.swift in Sources */ = {isa = PBXBuildFile; fileRef = F1C2CD7B23D7A8240078D698 /* M13Checkbox.swift */; };
		F1C2CD8F23D7A8240078D698 /* M13CheckboxAnimationGenerator.swift in Sources */ = {isa = PBXBuildFile; fileRef = F1C2CD7C23D7A8240078D698 /* M13CheckboxAnimationGenerator.swift */; };
		F1C2CD9123D7A8240078D698 /* M13CheckboxGestureRecognizer.swift in Sources */ = {isa = PBXBuildFile; fileRef = F1C2CD7E23D7A8240078D698 /* M13CheckboxGestureRecognizer.swift */; };
		F1C2CD9223D7A8240078D698 /* M13CheckboxController.swift in Sources */ = {isa = PBXBuildFile; fileRef = F1C2CD7F23D7A8240078D698 /* M13CheckboxController.swift */; };
		F1C2CD9323D7A8240078D698 /* M13Checkbox+IB.swift in Sources */ = {isa = PBXBuildFile; fileRef = F1C2CD8023D7A8240078D698 /* M13Checkbox+IB.swift */; };
		F1C2CD9523D7A8B70078D698 /* DefaultValues.swift in Sources */ = {isa = PBXBuildFile; fileRef = F1C2CD9423D7A8B60078D698 /* DefaultValues.swift */; };
		F1C2CD9A23D7DC6D0078D698 /* RangeSeekSliderDelegate.swift in Sources */ = {isa = PBXBuildFile; fileRef = F1C2CD9723D7DC6D0078D698 /* RangeSeekSliderDelegate.swift */; };
		F1C2CD9B23D7DC6D0078D698 /* RangeSeekSlider.swift in Sources */ = {isa = PBXBuildFile; fileRef = F1C2CD9823D7DC6D0078D698 /* RangeSeekSlider.swift */; };
		F1C2CDA123D7E9F60078D698 /* TvOSSlider.swift in Sources */ = {isa = PBXBuildFile; fileRef = F1C2CD9E23D7E9F60078D698 /* TvOSSlider.swift */; };
		F1C2CDA223D7E9F60078D698 /* DPadState.swift in Sources */ = {isa = PBXBuildFile; fileRef = F1C2CDA023D7E9F60078D698 /* DPadState.swift */; };
		F1C2CDA923D7F7880078D698 /* Gradients.swift in Sources */ = {isa = PBXBuildFile; fileRef = F1C2CDA423D7F7880078D698 /* Gradients.swift */; };
		F1C2CDAA23D7F7880078D698 /* Gradients+Name.swift in Sources */ = {isa = PBXBuildFile; fileRef = F1C2CDA523D7F7880078D698 /* Gradients+Name.swift */; };
		F1C2CDAB23D7F7880078D698 /* Gradients+Layer.swift in Sources */ = {isa = PBXBuildFile; fileRef = F1C2CDA623D7F7880078D698 /* Gradients+Layer.swift */; };
		F1C2CDAC23D7F7880078D698 /* Color+Extension.swift in Sources */ = {isa = PBXBuildFile; fileRef = F1C2CDA723D7F7880078D698 /* Color+Extension.swift */; };
		F1C2CDAD23D7F7880078D698 /* Direction.swift in Sources */ = {isa = PBXBuildFile; fileRef = F1C2CDA823D7F7880078D698 /* Direction.swift */; };
		F1E13D0E23D6311A00A492EA /* AppDelegate.swift in Sources */ = {isa = PBXBuildFile; fileRef = F1E13D0D23D6311A00A492EA /* AppDelegate.swift */; };
		F1E13D1323D6311A00A492EA /* Main.storyboard in Resources */ = {isa = PBXBuildFile; fileRef = F1E13D1123D6311A00A492EA /* Main.storyboard */; };
		F1E13D1523D6311B00A492EA /* Assets.xcassets in Resources */ = {isa = PBXBuildFile; fileRef = F1E13D1423D6311B00A492EA /* Assets.xcassets */; };
		F1E13D1823D6311B00A492EA /* LaunchScreen.storyboard in Resources */ = {isa = PBXBuildFile; fileRef = F1E13D1623D6311B00A492EA /* LaunchScreen.storyboard */; };
		F1E13D2223D68BF300A492EA /* MainViewController.swift in Sources */ = {isa = PBXBuildFile; fileRef = F1E13D2123D68BF300A492EA /* MainViewController.swift */; };
		F1E13D2423D6902500A492EA /* Shaders.metal in Sources */ = {isa = PBXBuildFile; fileRef = F1E13D2323D6902500A492EA /* Shaders.metal */; };
		F1E13D2923D69BE300A492EA /* Models.swift in Sources */ = {isa = PBXBuildFile; fileRef = F1E13D2823D69BE300A492EA /* Models.swift */; };
		F1E13D2D23D69CBD00A492EA /* ShaderCell.swift in Sources */ = {isa = PBXBuildFile; fileRef = F1E13D2B23D69CBD00A492EA /* ShaderCell.swift */; };
		F1E13D2E23D69CBD00A492EA /* ShaderCell.xib in Resources */ = {isa = PBXBuildFile; fileRef = F1E13D2C23D69CBD00A492EA /* ShaderCell.xib */; };
		F1E13D3023D6A8D200A492EA /* ShaderStore.swift in Sources */ = {isa = PBXBuildFile; fileRef = F1E13D2F23D6A8D200A492EA /* ShaderStore.swift */; };
		F9D015190F1022EF0A9F866A /* Pods_Fvnction_TV.framework in Frameworks */ = {isa = PBXBuildFile; fileRef = D99D88006A5E0DB0C234CD45 /* Pods_Fvnction_TV.framework */; };
/* End PBXBuildFile section */

/* Begin PBXFileReference section */
		97CC85E4A9E4F96D29007282 /* Pods-Fvnction TV.release.xcconfig */ = {isa = PBXFileReference; includeInIndex = 1; lastKnownFileType = text.xcconfig; name = "Pods-Fvnction TV.release.xcconfig"; path = "Target Support Files/Pods-Fvnction TV/Pods-Fvnction TV.release.xcconfig"; sourceTree = "<group>"; };
		D955A082A94F014FC080865A /* Pods-Fvnction TV.debug.xcconfig */ = {isa = PBXFileReference; includeInIndex = 1; lastKnownFileType = text.xcconfig; name = "Pods-Fvnction TV.debug.xcconfig"; path = "Target Support Files/Pods-Fvnction TV/Pods-Fvnction TV.debug.xcconfig"; sourceTree = "<group>"; };
		D99D88006A5E0DB0C234CD45 /* Pods_Fvnction_TV.framework */ = {isa = PBXFileReference; explicitFileType = wrapper.framework; includeInIndex = 0; path = Pods_Fvnction_TV.framework; sourceTree = BUILT_PRODUCTS_DIR; };
		F195B08723D6C8CA002A16FE /* DetailViewController.swift */ = {isa = PBXFileReference; lastKnownFileType = sourcecode.swift; path = DetailViewController.swift; sourceTree = "<group>"; };
		F195B08A23D6CFD6002A16FE /* MenuTableViewController.swift */ = {isa = PBXFileReference; lastKnownFileType = sourcecode.swift; path = MenuTableViewController.swift; sourceTree = "<group>"; };
		F195B08B23D6CFD6002A16FE /* ColorPresetTableViewCell.swift */ = {isa = PBXFileReference; lastKnownFileType = sourcecode.swift; path = ColorPresetTableViewCell.swift; sourceTree = "<group>"; };
		F195B08E23D6F80D002A16FE /* MainColorCell.swift */ = {isa = PBXFileReference; lastKnownFileType = sourcecode.swift; path = MainColorCell.swift; sourceTree = "<group>"; };
		F195B08F23D6F80D002A16FE /* MainColorCell.xib */ = {isa = PBXFileReference; lastKnownFileType = file.xib; path = MainColorCell.xib; sourceTree = "<group>"; };
		F195B09423D6FBF0002A16FE /* PreviewView.swift */ = {isa = PBXFileReference; fileEncoding = 4; lastKnownFileType = sourcecode.swift; path = PreviewView.swift; sourceTree = "<group>"; };
		F195B09523D6FBF0002A16FE /* ColorSlider.swift */ = {isa = PBXFileReference; fileEncoding = 4; lastKnownFileType = sourcecode.swift; path = ColorSlider.swift; sourceTree = "<group>"; };
		F195B09723D6FBF0002A16FE /* Gradient.swift */ = {isa = PBXFileReference; fileEncoding = 4; lastKnownFileType = sourcecode.swift; path = Gradient.swift; sourceTree = "<group>"; };
		F195B09823D6FBF0002A16FE /* ColorSliderExtensions.swift */ = {isa = PBXFileReference; fileEncoding = 4; lastKnownFileType = sourcecode.swift; path = ColorSliderExtensions.swift; sourceTree = "<group>"; };
		F195B09923D6FBF0002A16FE /* HSBColor.swift */ = {isa = PBXFileReference; fileEncoding = 4; lastKnownFileType = sourcecode.swift; path = HSBColor.swift; sourceTree = "<group>"; };
		F195B09A23D6FBF0002A16FE /* GradientView.swift */ = {isa = PBXFileReference; fileEncoding = 4; lastKnownFileType = sourcecode.swift; path = GradientView.swift; sourceTree = "<group>"; };
		F195B09B23D6FBF0002A16FE /* DefaultPreviewView.swift */ = {isa = PBXFileReference; fileEncoding = 4; lastKnownFileType = sourcecode.swift; path = DefaultPreviewView.swift; sourceTree = "<group>"; };
		F1A99F1723FF2FCA00416F24 /* Happyplanet.metal */ = {isa = PBXFileReference; lastKnownFileType = sourcecode.metal; path = Happyplanet.metal; sourceTree = "<group>"; };
		F1A99F1923FF387000416F24 /* MetalTexture.swift */ = {isa = PBXFileReference; lastKnownFileType = sourcecode.swift; path = MetalTexture.swift; sourceTree = "<group>"; };
		F1A99F1B23FF47BE00416F24 /* VectorMath.swift */ = {isa = PBXFileReference; lastKnownFileType = sourcecode.swift; path = VectorMath.swift; sourceTree = "<group>"; };
		F1C2CD4623D773060078D698 /* robotoMono-medium.ttf */ = {isa = PBXFileReference; lastKnownFileType = file; path = "robotoMono-medium.ttf"; sourceTree = "<group>"; };
		F1C2CD4723D773060078D698 /* robotoMono-bold.ttf */ = {isa = PBXFileReference; lastKnownFileType = file; path = "robotoMono-bold.ttf"; sourceTree = "<group>"; };
		F1C2CD4823D773060078D698 /* exo-semibold.ttf */ = {isa = PBXFileReference; lastKnownFileType = file; path = "exo-semibold.ttf"; sourceTree = "<group>"; };
		F1C2CD4923D773070078D698 /* robotoMono-regular.ttf */ = {isa = PBXFileReference; lastKnownFileType = file; path = "robotoMono-regular.ttf"; sourceTree = "<group>"; };
		F1C2CD5223D7929D0078D698 /* SimpleTableViewCell.swift */ = {isa = PBXFileReference; lastKnownFileType = sourcecode.swift; path = SimpleTableViewCell.swift; sourceTree = "<group>"; };
		F1C2CD5723D7A7800078D698 /* UIColor+Extension.swift */ = {isa = PBXFileReference; fileEncoding = 4; lastKnownFileType = sourcecode.swift; path = "UIColor+Extension.swift"; sourceTree = "<group>"; };
		F1C2CD5A23D7A7800078D698 /* ColorPickerViewDelegate.swift */ = {isa = PBXFileReference; fileEncoding = 4; lastKnownFileType = sourcecode.swift; path = ColorPickerViewDelegate.swift; sourceTree = "<group>"; };
		F1C2CD5B23D7A7800078D698 /* ColorPickerViewDelegateFlowLayout.swift */ = {isa = PBXFileReference; fileEncoding = 4; lastKnownFileType = sourcecode.swift; path = ColorPickerViewDelegateFlowLayout.swift; sourceTree = "<group>"; };
		F1C2CD5D23D7A7800078D698 /* ColorPickerCell.swift */ = {isa = PBXFileReference; fileEncoding = 4; lastKnownFileType = sourcecode.swift; path = ColorPickerCell.swift; sourceTree = "<group>"; };
		F1C2CD5E23D7A7800078D698 /* ColorPickerView.swift */ = {isa = PBXFileReference; fileEncoding = 4; lastKnownFileType = sourcecode.swift; path = ColorPickerView.swift; sourceTree = "<group>"; };
		F1C2CD5F23D7A7800078D698 /* DefaultValuesIG.swift */ = {isa = PBXFileReference; fileEncoding = 4; lastKnownFileType = sourcecode.swift; path = DefaultValuesIG.swift; sourceTree = "<group>"; };
		F1C2CD6D23D7A8240078D698 /* M13CheckboxExpandController.swift */ = {isa = PBXFileReference; fileEncoding = 4; lastKnownFileType = sourcecode.swift; path = M13CheckboxExpandController.swift; sourceTree = "<group>"; };
		F1C2CD6E23D7A8240078D698 /* M13CheckboxSpiralController.swift */ = {isa = PBXFileReference; fileEncoding = 4; lastKnownFileType = sourcecode.swift; path = M13CheckboxSpiralController.swift; sourceTree = "<group>"; };
		F1C2CD6F23D7A8240078D698 /* M13CheckboxFadeController.swift */ = {isa = PBXFileReference; fileEncoding = 4; lastKnownFileType = sourcecode.swift; path = M13CheckboxFadeController.swift; sourceTree = "<group>"; };
		F1C2CD7023D7A8240078D698 /* M13CheckboxFlatController.swift */ = {isa = PBXFileReference; fileEncoding = 4; lastKnownFileType = sourcecode.swift; path = M13CheckboxFlatController.swift; sourceTree = "<group>"; };
		F1C2CD7123D7A8240078D698 /* M13CheckboxFillController.swift */ = {isa = PBXFileReference; fileEncoding = 4; lastKnownFileType = sourcecode.swift; path = M13CheckboxFillController.swift; sourceTree = "<group>"; };
		F1C2CD7223D7A8240078D698 /* M13CheckboxStrokeController.swift */ = {isa = PBXFileReference; fileEncoding = 4; lastKnownFileType = sourcecode.swift; path = M13CheckboxStrokeController.swift; sourceTree = "<group>"; };
		F1C2CD7323D7A8240078D698 /* M13CheckboxBounceController.swift */ = {isa = PBXFileReference; fileEncoding = 4; lastKnownFileType = sourcecode.swift; path = M13CheckboxBounceController.swift; sourceTree = "<group>"; };
		F1C2CD7423D7A8240078D698 /* M13CheckboxDotController.swift */ = {isa = PBXFileReference; fileEncoding = 4; lastKnownFileType = sourcecode.swift; path = M13CheckboxDotController.swift; sourceTree = "<group>"; };
		F1C2CD7623D7A8240078D698 /* M13CheckboxPathGenerator.swift */ = {isa = PBXFileReference; fileEncoding = 4; lastKnownFileType = sourcecode.swift; path = M13CheckboxPathGenerator.swift; sourceTree = "<group>"; };
		F1C2CD7723D7A8240078D698 /* M13CheckboxCheckPathGenerator.swift */ = {isa = PBXFileReference; fileEncoding = 4; lastKnownFileType = sourcecode.swift; path = M13CheckboxCheckPathGenerator.swift; sourceTree = "<group>"; };
		F1C2CD7823D7A8240078D698 /* M13CheckboxDisclosurePathGenerator.swift */ = {isa = PBXFileReference; fileEncoding = 4; lastKnownFileType = sourcecode.swift; path = M13CheckboxDisclosurePathGenerator.swift; sourceTree = "<group>"; };
		F1C2CD7923D7A8240078D698 /* M13CheckboxAddRemovePathGenerator.swift */ = {isa = PBXFileReference; fileEncoding = 4; lastKnownFileType = sourcecode.swift; path = M13CheckboxAddRemovePathGenerator.swift; sourceTree = "<group>"; };
		F1C2CD7A23D7A8240078D698 /* M13CheckboxRadioPathGenerator.swift */ = {isa = PBXFileReference; fileEncoding = 4; lastKnownFileType = sourcecode.swift; path = M13CheckboxRadioPathGenerator.swift; sourceTree = "<group>"; };
		F1C2CD7B23D7A8240078D698 /* M13Checkbox.swift */ = {isa = PBXFileReference; fileEncoding = 4; lastKnownFileType = sourcecode.swift; path = M13Checkbox.swift; sourceTree = "<group>"; };
		F1C2CD7C23D7A8240078D698 /* M13CheckboxAnimationGenerator.swift */ = {isa = PBXFileReference; fileEncoding = 4; lastKnownFileType = sourcecode.swift; path = M13CheckboxAnimationGenerator.swift; sourceTree = "<group>"; };
		F1C2CD7E23D7A8240078D698 /* M13CheckboxGestureRecognizer.swift */ = {isa = PBXFileReference; fileEncoding = 4; lastKnownFileType = sourcecode.swift; path = M13CheckboxGestureRecognizer.swift; sourceTree = "<group>"; };
		F1C2CD7F23D7A8240078D698 /* M13CheckboxController.swift */ = {isa = PBXFileReference; fileEncoding = 4; lastKnownFileType = sourcecode.swift; path = M13CheckboxController.swift; sourceTree = "<group>"; };
		F1C2CD8023D7A8240078D698 /* M13Checkbox+IB.swift */ = {isa = PBXFileReference; fileEncoding = 4; lastKnownFileType = sourcecode.swift; path = "M13Checkbox+IB.swift"; sourceTree = "<group>"; };
		F1C2CD9423D7A8B60078D698 /* DefaultValues.swift */ = {isa = PBXFileReference; fileEncoding = 4; lastKnownFileType = sourcecode.swift; path = DefaultValues.swift; sourceTree = "<group>"; };
		F1C2CD9723D7DC6D0078D698 /* RangeSeekSliderDelegate.swift */ = {isa = PBXFileReference; fileEncoding = 4; lastKnownFileType = sourcecode.swift; path = RangeSeekSliderDelegate.swift; sourceTree = "<group>"; };
		F1C2CD9823D7DC6D0078D698 /* RangeSeekSlider.swift */ = {isa = PBXFileReference; fileEncoding = 4; lastKnownFileType = sourcecode.swift; path = RangeSeekSlider.swift; sourceTree = "<group>"; };
		F1C2CD9E23D7E9F60078D698 /* TvOSSlider.swift */ = {isa = PBXFileReference; fileEncoding = 4; lastKnownFileType = sourcecode.swift; path = TvOSSlider.swift; sourceTree = "<group>"; };
		F1C2CD9F23D7E9F60078D698 /* TvOSSlider.h */ = {isa = PBXFileReference; fileEncoding = 4; lastKnownFileType = sourcecode.c.h; path = TvOSSlider.h; sourceTree = "<group>"; };
		F1C2CDA023D7E9F60078D698 /* DPadState.swift */ = {isa = PBXFileReference; fileEncoding = 4; lastKnownFileType = sourcecode.swift; path = DPadState.swift; sourceTree = "<group>"; };
		F1C2CDA423D7F7880078D698 /* Gradients.swift */ = {isa = PBXFileReference; fileEncoding = 4; lastKnownFileType = sourcecode.swift; path = Gradients.swift; sourceTree = "<group>"; };
		F1C2CDA523D7F7880078D698 /* Gradients+Name.swift */ = {isa = PBXFileReference; fileEncoding = 4; lastKnownFileType = sourcecode.swift; path = "Gradients+Name.swift"; sourceTree = "<group>"; };
		F1C2CDA623D7F7880078D698 /* Gradients+Layer.swift */ = {isa = PBXFileReference; fileEncoding = 4; lastKnownFileType = sourcecode.swift; path = "Gradients+Layer.swift"; sourceTree = "<group>"; };
		F1C2CDA723D7F7880078D698 /* Color+Extension.swift */ = {isa = PBXFileReference; fileEncoding = 4; lastKnownFileType = sourcecode.swift; path = "Color+Extension.swift"; sourceTree = "<group>"; };
		F1C2CDA823D7F7880078D698 /* Direction.swift */ = {isa = PBXFileReference; fileEncoding = 4; lastKnownFileType = sourcecode.swift; path = Direction.swift; sourceTree = "<group>"; };
		F1E13D0A23D6311A00A492EA /* Fvnction TV.app */ = {isa = PBXFileReference; explicitFileType = wrapper.application; includeInIndex = 0; path = "Fvnction TV.app"; sourceTree = BUILT_PRODUCTS_DIR; };
		F1E13D0D23D6311A00A492EA /* AppDelegate.swift */ = {isa = PBXFileReference; lastKnownFileType = sourcecode.swift; path = AppDelegate.swift; sourceTree = "<group>"; };
		F1E13D1223D6311A00A492EA /* Base */ = {isa = PBXFileReference; lastKnownFileType = file.storyboard; name = Base; path = Base.lproj/Main.storyboard; sourceTree = "<group>"; };
		F1E13D1423D6311B00A492EA /* Assets.xcassets */ = {isa = PBXFileReference; lastKnownFileType = folder.assetcatalog; path = Assets.xcassets; sourceTree = "<group>"; };
		F1E13D1723D6311B00A492EA /* Base */ = {isa = PBXFileReference; lastKnownFileType = file.storyboard; name = Base; path = Base.lproj/LaunchScreen.storyboard; sourceTree = "<group>"; };
		F1E13D1923D6311B00A492EA /* Info.plist */ = {isa = PBXFileReference; lastKnownFileType = text.plist.xml; path = Info.plist; sourceTree = "<group>"; };
		F1E13D2123D68BF300A492EA /* MainViewController.swift */ = {isa = PBXFileReference; lastKnownFileType = sourcecode.swift; path = MainViewController.swift; sourceTree = "<group>"; };
		F1E13D2323D6902500A492EA /* Shaders.metal */ = {isa = PBXFileReference; lastKnownFileType = sourcecode.metal; path = Shaders.metal; sourceTree = "<group>"; };
		F1E13D2823D69BE300A492EA /* Models.swift */ = {isa = PBXFileReference; lastKnownFileType = sourcecode.swift; path = Models.swift; sourceTree = "<group>"; };
		F1E13D2B23D69CBD00A492EA /* ShaderCell.swift */ = {isa = PBXFileReference; lastKnownFileType = sourcecode.swift; path = ShaderCell.swift; sourceTree = "<group>"; };
		F1E13D2C23D69CBD00A492EA /* ShaderCell.xib */ = {isa = PBXFileReference; lastKnownFileType = file.xib; path = ShaderCell.xib; sourceTree = "<group>"; };
		F1E13D2F23D6A8D200A492EA /* ShaderStore.swift */ = {isa = PBXFileReference; lastKnownFileType = sourcecode.swift; path = ShaderStore.swift; sourceTree = "<group>"; };
/* End PBXFileReference section */

/* Begin PBXFrameworksBuildPhase section */
		F1E13D0723D6311A00A492EA /* Frameworks */ = {
			isa = PBXFrameworksBuildPhase;
			buildActionMask = 2147483647;
			files = (
				F9D015190F1022EF0A9F866A /* Pods_Fvnction_TV.framework in Frameworks */,
			);
			runOnlyForDeploymentPostprocessing = 0;
		};
/* End PBXFrameworksBuildPhase section */

/* Begin PBXGroup section */
		8F836922D3FD859DBECFE72D /* Pods */ = {
			isa = PBXGroup;
			children = (
				D955A082A94F014FC080865A /* Pods-Fvnction TV.debug.xcconfig */,
				97CC85E4A9E4F96D29007282 /* Pods-Fvnction TV.release.xcconfig */,
			);
			path = Pods;
			sourceTree = "<group>";
		};
		BA8A7CBBA96AA0E7D11BAB3F /* Frameworks */ = {
			isa = PBXGroup;
			children = (
				D99D88006A5E0DB0C234CD45 /* Pods_Fvnction_TV.framework */,
			);
			name = Frameworks;
			sourceTree = "<group>";
		};
		F195B08923D6CFD6002A16FE /* Menus */ = {
			isa = PBXGroup;
			children = (
				F195B08A23D6CFD6002A16FE /* MenuTableViewController.swift */,
				F195B08B23D6CFD6002A16FE /* ColorPresetTableViewCell.swift */,
			);
			path = Menus;
			sourceTree = "<group>";
		};
		F195B09223D6FBF0002A16FE /* Vendor */ = {
			isa = PBXGroup;
			children = (
				F1C2CDA323D7F7880078D698 /* Gradients */,
				F1C2CD9D23D7E9F60078D698 /* TvOSSlider */,
				F1C2CD9623D7DC6D0078D698 /* RangeSeekSlider */,
				F1C2CD6A23D7A8240078D698 /* M13 */,
				F1C2CD5423D7A7800078D698 /* IGColorPicker */,
				F195B09323D6FBF0002A16FE /* colorslider */,
			);
			path = Vendor;
			sourceTree = "<group>";
		};
		F195B09323D6FBF0002A16FE /* colorslider */ = {
			isa = PBXGroup;
			children = (
				F195B09423D6FBF0002A16FE /* PreviewView.swift */,
				F195B09523D6FBF0002A16FE /* ColorSlider.swift */,
				F195B09623D6FBF0002A16FE /* Internal */,
				F195B09A23D6FBF0002A16FE /* GradientView.swift */,
				F195B09B23D6FBF0002A16FE /* DefaultPreviewView.swift */,
			);
			path = colorslider;
			sourceTree = "<group>";
		};
		F195B09623D6FBF0002A16FE /* Internal */ = {
			isa = PBXGroup;
			children = (
				F195B09723D6FBF0002A16FE /* Gradient.swift */,
				F195B09823D6FBF0002A16FE /* ColorSliderExtensions.swift */,
				F195B09923D6FBF0002A16FE /* HSBColor.swift */,
			);
			path = Internal;
			sourceTree = "<group>";
		};
		F1C2CD3D23D7726B0078D698 /* Fonts */ = {
			isa = PBXGroup;
			children = (
				F1C2CD4823D773060078D698 /* exo-semibold.ttf */,
				F1C2CD4723D773060078D698 /* robotoMono-bold.ttf */,
				F1C2CD4623D773060078D698 /* robotoMono-medium.ttf */,
				F1C2CD4923D773070078D698 /* robotoMono-regular.ttf */,
			);
			path = Fonts;
			sourceTree = "<group>";
		};
		F1C2CD5423D7A7800078D698 /* IGColorPicker */ = {
			isa = PBXGroup;
			children = (
				F1C2CD5523D7A7800078D698 /* Classes */,
				F1C2CD6023D7A7800078D698 /* Assets */,
			);
			path = IGColorPicker;
			sourceTree = "<group>";
		};
		F1C2CD5523D7A7800078D698 /* Classes */ = {
			isa = PBXGroup;
			children = (
				F1C2CD5623D7A7800078D698 /* Extension */,
				F1C2CD5923D7A7800078D698 /* Protocol */,
				F1C2CD5C23D7A7800078D698 /* View */,
				F1C2CD5F23D7A7800078D698 /* DefaultValuesIG.swift */,
			);
			path = Classes;
			sourceTree = "<group>";
		};
		F1C2CD5623D7A7800078D698 /* Extension */ = {
			isa = PBXGroup;
			children = (
				F1C2CD5723D7A7800078D698 /* UIColor+Extension.swift */,
			);
			path = Extension;
			sourceTree = "<group>";
		};
		F1C2CD5923D7A7800078D698 /* Protocol */ = {
			isa = PBXGroup;
			children = (
				F1C2CD5A23D7A7800078D698 /* ColorPickerViewDelegate.swift */,
				F1C2CD5B23D7A7800078D698 /* ColorPickerViewDelegateFlowLayout.swift */,
			);
			path = Protocol;
			sourceTree = "<group>";
		};
		F1C2CD5C23D7A7800078D698 /* View */ = {
			isa = PBXGroup;
			children = (
				F1C2CD5D23D7A7800078D698 /* ColorPickerCell.swift */,
				F1C2CD5E23D7A7800078D698 /* ColorPickerView.swift */,
			);
			path = View;
			sourceTree = "<group>";
		};
		F1C2CD6023D7A7800078D698 /* Assets */ = {
			isa = PBXGroup;
			children = (
			);
			path = Assets;
			sourceTree = "<group>";
		};
		F1C2CD6A23D7A8240078D698 /* M13 */ = {
			isa = PBXGroup;
			children = (
				F1C2CD6B23D7A8240078D698 /* Sources */,
			);
			path = M13;
			sourceTree = "<group>";
		};
		F1C2CD6B23D7A8240078D698 /* Sources */ = {
			isa = PBXGroup;
			children = (
				F1C2CD9423D7A8B60078D698 /* DefaultValues.swift */,
				F1C2CD6C23D7A8240078D698 /* Managers */,
				F1C2CD7523D7A8240078D698 /* Paths */,
				F1C2CD7B23D7A8240078D698 /* M13Checkbox.swift */,
				F1C2CD7C23D7A8240078D698 /* M13CheckboxAnimationGenerator.swift */,
				F1C2CD7E23D7A8240078D698 /* M13CheckboxGestureRecognizer.swift */,
				F1C2CD7F23D7A8240078D698 /* M13CheckboxController.swift */,
				F1C2CD8023D7A8240078D698 /* M13Checkbox+IB.swift */,
			);
			path = Sources;
			sourceTree = "<group>";
		};
		F1C2CD6C23D7A8240078D698 /* Managers */ = {
			isa = PBXGroup;
			children = (
				F1C2CD6D23D7A8240078D698 /* M13CheckboxExpandController.swift */,
				F1C2CD6E23D7A8240078D698 /* M13CheckboxSpiralController.swift */,
				F1C2CD6F23D7A8240078D698 /* M13CheckboxFadeController.swift */,
				F1C2CD7023D7A8240078D698 /* M13CheckboxFlatController.swift */,
				F1C2CD7123D7A8240078D698 /* M13CheckboxFillController.swift */,
				F1C2CD7223D7A8240078D698 /* M13CheckboxStrokeController.swift */,
				F1C2CD7323D7A8240078D698 /* M13CheckboxBounceController.swift */,
				F1C2CD7423D7A8240078D698 /* M13CheckboxDotController.swift */,
			);
			path = Managers;
			sourceTree = "<group>";
		};
		F1C2CD7523D7A8240078D698 /* Paths */ = {
			isa = PBXGroup;
			children = (
				F1C2CD7623D7A8240078D698 /* M13CheckboxPathGenerator.swift */,
				F1C2CD7723D7A8240078D698 /* M13CheckboxCheckPathGenerator.swift */,
				F1C2CD7823D7A8240078D698 /* M13CheckboxDisclosurePathGenerator.swift */,
				F1C2CD7923D7A8240078D698 /* M13CheckboxAddRemovePathGenerator.swift */,
				F1C2CD7A23D7A8240078D698 /* M13CheckboxRadioPathGenerator.swift */,
			);
			path = Paths;
			sourceTree = "<group>";
		};
		F1C2CD9623D7DC6D0078D698 /* RangeSeekSlider */ = {
			isa = PBXGroup;
			children = (
				F1C2CD9723D7DC6D0078D698 /* RangeSeekSliderDelegate.swift */,
				F1C2CD9823D7DC6D0078D698 /* RangeSeekSlider.swift */,
			);
			path = RangeSeekSlider;
			sourceTree = "<group>";
		};
		F1C2CD9D23D7E9F60078D698 /* TvOSSlider */ = {
			isa = PBXGroup;
			children = (
				F1C2CD9E23D7E9F60078D698 /* TvOSSlider.swift */,
				F1C2CD9F23D7E9F60078D698 /* TvOSSlider.h */,
				F1C2CDA023D7E9F60078D698 /* DPadState.swift */,
			);
			path = TvOSSlider;
			sourceTree = "<group>";
		};
		F1C2CDA323D7F7880078D698 /* Gradients */ = {
			isa = PBXGroup;
			children = (
				F1C2CDA423D7F7880078D698 /* Gradients.swift */,
				F1C2CDA523D7F7880078D698 /* Gradients+Name.swift */,
				F1C2CDA623D7F7880078D698 /* Gradients+Layer.swift */,
				F1C2CDA723D7F7880078D698 /* Color+Extension.swift */,
				F1C2CDA823D7F7880078D698 /* Direction.swift */,
			);
			path = Gradients;
			sourceTree = "<group>";
		};
		F1E13D0123D6311A00A492EA = {
			isa = PBXGroup;
			children = (
				F1C2CD3D23D7726B0078D698 /* Fonts */,
				F195B09223D6FBF0002A16FE /* Vendor */,
				F1E13D0C23D6311A00A492EA /* Fvnction TV */,
				F1E13D0B23D6311A00A492EA /* Products */,
				8F836922D3FD859DBECFE72D /* Pods */,
				BA8A7CBBA96AA0E7D11BAB3F /* Frameworks */,
			);
			sourceTree = "<group>";
		};
		F1E13D0B23D6311A00A492EA /* Products */ = {
			isa = PBXGroup;
			children = (
				F1E13D0A23D6311A00A492EA /* Fvnction TV.app */,
			);
			name = Products;
			sourceTree = "<group>";
		};
		F1E13D0C23D6311A00A492EA /* Fvnction TV */ = {
			isa = PBXGroup;
			children = (
				F1E13D2323D6902500A492EA /* Shaders.metal */,
				F1A99F1B23FF47BE00416F24 /* VectorMath.swift */,
				F1A99F1723FF2FCA00416F24 /* Happyplanet.metal */,
				F1E13D0D23D6311A00A492EA /* AppDelegate.swift */,
				F1A99F1923FF387000416F24 /* MetalTexture.swift */,
				F1E13D2823D69BE300A492EA /* Models.swift */,
				F1E13D2F23D6A8D200A492EA /* ShaderStore.swift */,
				F1E13D2A23D69CAB00A492EA /* Cells */,
				F1E13D2123D68BF300A492EA /* MainViewController.swift */,
				F195B08723D6C8CA002A16FE /* DetailViewController.swift */,
				F195B08923D6CFD6002A16FE /* Menus */,
				F1E13D1123D6311A00A492EA /* Main.storyboard */,
				F1E13D1423D6311B00A492EA /* Assets.xcassets */,
				F1E13D1623D6311B00A492EA /* LaunchScreen.storyboard */,
				F1E13D1923D6311B00A492EA /* Info.plist */,
			);
			path = "Fvnction TV";
			sourceTree = "<group>";
		};
		F1E13D2A23D69CAB00A492EA /* Cells */ = {
			isa = PBXGroup;
			children = (
				F1E13D2B23D69CBD00A492EA /* ShaderCell.swift */,
				F195B08E23D6F80D002A16FE /* MainColorCell.swift */,
				F1C2CD5223D7929D0078D698 /* SimpleTableViewCell.swift */,
				F195B08F23D6F80D002A16FE /* MainColorCell.xib */,
				F1E13D2C23D69CBD00A492EA /* ShaderCell.xib */,
			);
			path = Cells;
			sourceTree = "<group>";
		};
/* End PBXGroup section */

/* Begin PBXNativeTarget section */
		F1E13D0923D6311A00A492EA /* Fvnction TV */ = {
			isa = PBXNativeTarget;
			buildConfigurationList = F1E13D1C23D6311B00A492EA /* Build configuration list for PBXNativeTarget "Fvnction TV" */;
			buildPhases = (
				F7D7D7945B00AE0B4FEF4AAB /* [CP] Check Pods Manifest.lock */,
				F1E13D0623D6311A00A492EA /* Sources */,
				F1E13D0723D6311A00A492EA /* Frameworks */,
				F1E13D0823D6311A00A492EA /* Resources */,
				11BB800573DFB183F5D59166 /* [CP] Embed Pods Frameworks */,
			);
			buildRules = (
			);
			dependencies = (
			);
			name = "Fvnction TV";
			productName = "Fvnction TV";
			productReference = F1E13D0A23D6311A00A492EA /* Fvnction TV.app */;
			productType = "com.apple.product-type.application";
		};
/* End PBXNativeTarget section */

/* Begin PBXProject section */
		F1E13D0223D6311A00A492EA /* Project object */ = {
			isa = PBXProject;
			attributes = {
				LastSwiftUpdateCheck = 1130;
				LastUpgradeCheck = 1130;
				ORGANIZATIONNAME = SDWR;
				TargetAttributes = {
					F1E13D0923D6311A00A492EA = {
						CreatedOnToolsVersion = 11.3.1;
					};
				};
			};
			buildConfigurationList = F1E13D0523D6311A00A492EA /* Build configuration list for PBXProject "Fvnction TV" */;
			compatibilityVersion = "Xcode 9.3";
			developmentRegion = en;
			hasScannedForEncodings = 0;
			knownRegions = (
				en,
				Base,
			);
			mainGroup = F1E13D0123D6311A00A492EA;
			productRefGroup = F1E13D0B23D6311A00A492EA /* Products */;
			projectDirPath = "";
			projectRoot = "";
			targets = (
				F1E13D0923D6311A00A492EA /* Fvnction TV */,
			);
		};
/* End PBXProject section */

/* Begin PBXResourcesBuildPhase section */
		F1E13D0823D6311A00A492EA /* Resources */ = {
			isa = PBXResourcesBuildPhase;
			buildActionMask = 2147483647;
			files = (
				F1E13D1823D6311B00A492EA /* LaunchScreen.storyboard in Resources */,
				F195B09123D6F80D002A16FE /* MainColorCell.xib in Resources */,
				F1E13D1523D6311B00A492EA /* Assets.xcassets in Resources */,
				F1C2CD4B23D773070078D698 /* robotoMono-bold.ttf in Resources */,
				F1C2CD4C23D773070078D698 /* exo-semibold.ttf in Resources */,
				F1C2CD4D23D773070078D698 /* robotoMono-regular.ttf in Resources */,
				F1E13D2E23D69CBD00A492EA /* ShaderCell.xib in Resources */,
				F1E13D1323D6311A00A492EA /* Main.storyboard in Resources */,
				F1C2CD4A23D773070078D698 /* robotoMono-medium.ttf in Resources */,
			);
			runOnlyForDeploymentPostprocessing = 0;
		};
/* End PBXResourcesBuildPhase section */

/* Begin PBXShellScriptBuildPhase section */
		11BB800573DFB183F5D59166 /* [CP] Embed Pods Frameworks */ = {
			isa = PBXShellScriptBuildPhase;
			buildActionMask = 2147483647;
			files = (
			);
			inputFileListPaths = (
				"${PODS_ROOT}/Target Support Files/Pods-Fvnction TV/Pods-Fvnction TV-frameworks-${CONFIGURATION}-input-files.xcfilelist",
			);
			name = "[CP] Embed Pods Frameworks";
			outputFileListPaths = (
				"${PODS_ROOT}/Target Support Files/Pods-Fvnction TV/Pods-Fvnction TV-frameworks-${CONFIGURATION}-output-files.xcfilelist",
			);
			runOnlyForDeploymentPostprocessing = 0;
			shellPath = /bin/sh;
			shellScript = "\"${PODS_ROOT}/Target Support Files/Pods-Fvnction TV/Pods-Fvnction TV-frameworks.sh\"\n";
			showEnvVarsInLog = 0;
		};
		F7D7D7945B00AE0B4FEF4AAB /* [CP] Check Pods Manifest.lock */ = {
			isa = PBXShellScriptBuildPhase;
			buildActionMask = 2147483647;
			files = (
			);
			inputFileListPaths = (
			);
			inputPaths = (
				"${PODS_PODFILE_DIR_PATH}/Podfile.lock",
				"${PODS_ROOT}/Manifest.lock",
			);
			name = "[CP] Check Pods Manifest.lock";
			outputFileListPaths = (
			);
			outputPaths = (
				"$(DERIVED_FILE_DIR)/Pods-Fvnction TV-checkManifestLockResult.txt",
			);
			runOnlyForDeploymentPostprocessing = 0;
			shellPath = /bin/sh;
			shellScript = "diff \"${PODS_PODFILE_DIR_PATH}/Podfile.lock\" \"${PODS_ROOT}/Manifest.lock\" > /dev/null\nif [ $? != 0 ] ; then\n    # print error to STDERR\n    echo \"error: The sandbox is not in sync with the Podfile.lock. Run 'pod install' or update your CocoaPods installation.\" >&2\n    exit 1\nfi\n# This output is used by Xcode 'outputs' to avoid re-running this script phase.\necho \"SUCCESS\" > \"${SCRIPT_OUTPUT_FILE_0}\"\n";
			showEnvVarsInLog = 0;
		};
/* End PBXShellScriptBuildPhase section */

/* Begin PBXSourcesBuildPhase section */
		F1E13D0623D6311A00A492EA /* Sources */ = {
			isa = PBXSourcesBuildPhase;
			buildActionMask = 2147483647;
			files = (
				F1C2CD9223D7A8240078D698 /* M13CheckboxController.swift in Sources */,
				F1A99F1A23FF387000416F24 /* MetalTexture.swift in Sources */,
				F1C2CD8A23D7A8240078D698 /* M13CheckboxCheckPathGenerator.swift in Sources */,
				F1A99F1C23FF47BE00416F24 /* VectorMath.swift in Sources */,
				F1E13D0E23D6311A00A492EA /* AppDelegate.swift in Sources */,
				F1C2CD8523D7A8240078D698 /* M13CheckboxFillController.swift in Sources */,
				F1C2CD8423D7A8240078D698 /* M13CheckboxFlatController.swift in Sources */,
				F1C2CD9123D7A8240078D698 /* M13CheckboxGestureRecognizer.swift in Sources */,
				F1C2CD6223D7A7800078D698 /* UIColor+Extension.swift in Sources */,
				F1E13D2223D68BF300A492EA /* MainViewController.swift in Sources */,
				F1C2CD6623D7A7800078D698 /* ColorPickerCell.swift in Sources */,
				F195B08D23D6D1A4002A16FE /* ColorPresetTableViewCell.swift in Sources */,
				F1C2CDA123D7E9F60078D698 /* TvOSSlider.swift in Sources */,
				F1C2CDA923D7F7880078D698 /* Gradients.swift in Sources */,
				F1C2CD9323D7A8240078D698 /* M13Checkbox+IB.swift in Sources */,
				F1C2CDA223D7E9F60078D698 /* DPadState.swift in Sources */,
				F1C2CD8E23D7A8240078D698 /* M13Checkbox.swift in Sources */,
				F195B09C23D6FBF0002A16FE /* PreviewView.swift in Sources */,
				F195B0A023D6FBF0002A16FE /* HSBColor.swift in Sources */,
				F1C2CD8323D7A8240078D698 /* M13CheckboxFadeController.swift in Sources */,
				F1E13D2423D6902500A492EA /* Shaders.metal in Sources */,
				F1C2CDAB23D7F7880078D698 /* Gradients+Layer.swift in Sources */,
				F1C2CD6423D7A7800078D698 /* ColorPickerViewDelegate.swift in Sources */,
				F195B0A123D6FBF0002A16FE /* GradientView.swift in Sources */,
				F195B09023D6F80D002A16FE /* MainColorCell.swift in Sources */,
				F1C2CD8723D7A8240078D698 /* M13CheckboxBounceController.swift in Sources */,
				F1E13D2923D69BE300A492EA /* Models.swift in Sources */,
				F1C2CD8B23D7A8240078D698 /* M13CheckboxDisclosurePathGenerator.swift in Sources */,
				F195B08C23D6D1A2002A16FE /* MenuTableViewController.swift in Sources */,
				F1C2CD8623D7A8240078D698 /* M13CheckboxStrokeController.swift in Sources */,
				F1C2CD8F23D7A8240078D698 /* M13CheckboxAnimationGenerator.swift in Sources */,
				F1C2CD6723D7A7800078D698 /* ColorPickerView.swift in Sources */,
				F1E13D3023D6A8D200A492EA /* ShaderStore.swift in Sources */,
				F1C2CDAC23D7F7880078D698 /* Color+Extension.swift in Sources */,
				F1C2CD8D23D7A8240078D698 /* M13CheckboxRadioPathGenerator.swift in Sources */,
				F1E13D2D23D69CBD00A492EA /* ShaderCell.swift in Sources */,
				F1C2CDAA23D7F7880078D698 /* Gradients+Name.swift in Sources */,
				F1C2CD8923D7A8240078D698 /* M13CheckboxPathGenerator.swift in Sources */,
				F195B09F23D6FBF0002A16FE /* ColorSliderExtensions.swift in Sources */,
				F1C2CD9A23D7DC6D0078D698 /* RangeSeekSliderDelegate.swift in Sources */,
				F1A99F1823FF2FCA00416F24 /* Happyplanet.metal in Sources */,
				F1C2CD8C23D7A8240078D698 /* M13CheckboxAddRemovePathGenerator.swift in Sources */,
				F195B09D23D6FBF0002A16FE /* ColorSlider.swift in Sources */,
				F195B09E23D6FBF0002A16FE /* Gradient.swift in Sources */,
				F1C2CD8123D7A8240078D698 /* M13CheckboxExpandController.swift in Sources */,
				F1C2CD9523D7A8B70078D698 /* DefaultValues.swift in Sources */,
				F1C2CD6823D7A7800078D698 /* DefaultValuesIG.swift in Sources */,
				F1C2CD5323D7929D0078D698 /* SimpleTableViewCell.swift in Sources */,
				F195B0A223D6FBF0002A16FE /* DefaultPreviewView.swift in Sources */,
				F1C2CD8823D7A8240078D698 /* M13CheckboxDotController.swift in Sources */,
				F1C2CD9B23D7DC6D0078D698 /* RangeSeekSlider.swift in Sources */,
				F1C2CD6523D7A7800078D698 /* ColorPickerViewDelegateFlowLayout.swift in Sources */,
				F195B08823D6C8CA002A16FE /* DetailViewController.swift in Sources */,
				F1C2CD8223D7A8240078D698 /* M13CheckboxSpiralController.swift in Sources */,
				F1C2CDAD23D7F7880078D698 /* Direction.swift in Sources */,
			);
			runOnlyForDeploymentPostprocessing = 0;
		};
/* End PBXSourcesBuildPhase section */

/* Begin PBXVariantGroup section */
		F1E13D1123D6311A00A492EA /* Main.storyboard */ = {
			isa = PBXVariantGroup;
			children = (
				F1E13D1223D6311A00A492EA /* Base */,
			);
			name = Main.storyboard;
			sourceTree = "<group>";
		};
		F1E13D1623D6311B00A492EA /* LaunchScreen.storyboard */ = {
			isa = PBXVariantGroup;
			children = (
				F1E13D1723D6311B00A492EA /* Base */,
			);
			name = LaunchScreen.storyboard;
			sourceTree = "<group>";
		};
/* End PBXVariantGroup section */

/* Begin XCBuildConfiguration section */
		F1E13D1A23D6311B00A492EA /* Debug */ = {
			isa = XCBuildConfiguration;
			buildSettings = {
				ALWAYS_SEARCH_USER_PATHS = NO;
				CLANG_ANALYZER_NONNULL = YES;
				CLANG_ANALYZER_NUMBER_OBJECT_CONVERSION = YES_AGGRESSIVE;
				CLANG_CXX_LANGUAGE_STANDARD = "gnu++14";
				CLANG_CXX_LIBRARY = "libc++";
				CLANG_ENABLE_MODULES = YES;
				CLANG_ENABLE_OBJC_ARC = YES;
				CLANG_ENABLE_OBJC_WEAK = YES;
				CLANG_WARN_BLOCK_CAPTURE_AUTORELEASING = YES;
				CLANG_WARN_BOOL_CONVERSION = YES;
				CLANG_WARN_COMMA = YES;
				CLANG_WARN_CONSTANT_CONVERSION = YES;
				CLANG_WARN_DEPRECATED_OBJC_IMPLEMENTATIONS = YES;
				CLANG_WARN_DIRECT_OBJC_ISA_USAGE = YES_ERROR;
				CLANG_WARN_DOCUMENTATION_COMMENTS = YES;
				CLANG_WARN_EMPTY_BODY = YES;
				CLANG_WARN_ENUM_CONVERSION = YES;
				CLANG_WARN_INFINITE_RECURSION = YES;
				CLANG_WARN_INT_CONVERSION = YES;
				CLANG_WARN_NON_LITERAL_NULL_CONVERSION = YES;
				CLANG_WARN_OBJC_IMPLICIT_RETAIN_SELF = YES;
				CLANG_WARN_OBJC_LITERAL_CONVERSION = YES;
				CLANG_WARN_OBJC_ROOT_CLASS = YES_ERROR;
				CLANG_WARN_RANGE_LOOP_ANALYSIS = YES;
				CLANG_WARN_STRICT_PROTOTYPES = YES;
				CLANG_WARN_SUSPICIOUS_MOVE = YES;
				CLANG_WARN_UNGUARDED_AVAILABILITY = YES_AGGRESSIVE;
				CLANG_WARN_UNREACHABLE_CODE = YES;
				CLANG_WARN__DUPLICATE_METHOD_MATCH = YES;
				COPY_PHASE_STRIP = NO;
				DEBUG_INFORMATION_FORMAT = dwarf;
				ENABLE_STRICT_OBJC_MSGSEND = YES;
				ENABLE_TESTABILITY = YES;
				GCC_C_LANGUAGE_STANDARD = gnu11;
				GCC_DYNAMIC_NO_PIC = NO;
				GCC_NO_COMMON_BLOCKS = YES;
				GCC_OPTIMIZATION_LEVEL = 0;
				GCC_PREPROCESSOR_DEFINITIONS = (
					"DEBUG=1",
					"$(inherited)",
				);
				GCC_WARN_64_TO_32_BIT_CONVERSION = YES;
				GCC_WARN_ABOUT_RETURN_TYPE = YES_ERROR;
				GCC_WARN_UNDECLARED_SELECTOR = YES;
				GCC_WARN_UNINITIALIZED_AUTOS = YES_AGGRESSIVE;
				GCC_WARN_UNUSED_FUNCTION = YES;
				GCC_WARN_UNUSED_VARIABLE = YES;
				MTL_ENABLE_DEBUG_INFO = INCLUDE_SOURCE;
				MTL_FAST_MATH = YES;
				ONLY_ACTIVE_ARCH = YES;
				SDKROOT = appletvos;
				SWIFT_ACTIVE_COMPILATION_CONDITIONS = DEBUG;
				SWIFT_OPTIMIZATION_LEVEL = "-Onone";
				TVOS_DEPLOYMENT_TARGET = 13.2;
			};
			name = Debug;
		};
		F1E13D1B23D6311B00A492EA /* Release */ = {
			isa = XCBuildConfiguration;
			buildSettings = {
				ALWAYS_SEARCH_USER_PATHS = NO;
				CLANG_ANALYZER_NONNULL = YES;
				CLANG_ANALYZER_NUMBER_OBJECT_CONVERSION = YES_AGGRESSIVE;
				CLANG_CXX_LANGUAGE_STANDARD = "gnu++14";
				CLANG_CXX_LIBRARY = "libc++";
				CLANG_ENABLE_MODULES = YES;
				CLANG_ENABLE_OBJC_ARC = YES;
				CLANG_ENABLE_OBJC_WEAK = YES;
				CLANG_WARN_BLOCK_CAPTURE_AUTORELEASING = YES;
				CLANG_WARN_BOOL_CONVERSION = YES;
				CLANG_WARN_COMMA = YES;
				CLANG_WARN_CONSTANT_CONVERSION = YES;
				CLANG_WARN_DEPRECATED_OBJC_IMPLEMENTATIONS = YES;
				CLANG_WARN_DIRECT_OBJC_ISA_USAGE = YES_ERROR;
				CLANG_WARN_DOCUMENTATION_COMMENTS = YES;
				CLANG_WARN_EMPTY_BODY = YES;
				CLANG_WARN_ENUM_CONVERSION = YES;
				CLANG_WARN_INFINITE_RECURSION = YES;
				CLANG_WARN_INT_CONVERSION = YES;
				CLANG_WARN_NON_LITERAL_NULL_CONVERSION = YES;
				CLANG_WARN_OBJC_IMPLICIT_RETAIN_SELF = YES;
				CLANG_WARN_OBJC_LITERAL_CONVERSION = YES;
				CLANG_WARN_OBJC_ROOT_CLASS = YES_ERROR;
				CLANG_WARN_RANGE_LOOP_ANALYSIS = YES;
				CLANG_WARN_STRICT_PROTOTYPES = YES;
				CLANG_WARN_SUSPICIOUS_MOVE = YES;
				CLANG_WARN_UNGUARDED_AVAILABILITY = YES_AGGRESSIVE;
				CLANG_WARN_UNREACHABLE_CODE = YES;
				CLANG_WARN__DUPLICATE_METHOD_MATCH = YES;
				COPY_PHASE_STRIP = NO;
				DEBUG_INFORMATION_FORMAT = "dwarf-with-dsym";
				ENABLE_NS_ASSERTIONS = NO;
				ENABLE_STRICT_OBJC_MSGSEND = YES;
				GCC_C_LANGUAGE_STANDARD = gnu11;
				GCC_NO_COMMON_BLOCKS = YES;
				GCC_WARN_64_TO_32_BIT_CONVERSION = YES;
				GCC_WARN_ABOUT_RETURN_TYPE = YES_ERROR;
				GCC_WARN_UNDECLARED_SELECTOR = YES;
				GCC_WARN_UNINITIALIZED_AUTOS = YES_AGGRESSIVE;
				GCC_WARN_UNUSED_FUNCTION = YES;
				GCC_WARN_UNUSED_VARIABLE = YES;
				MTL_ENABLE_DEBUG_INFO = NO;
				MTL_FAST_MATH = YES;
				SDKROOT = appletvos;
				SWIFT_COMPILATION_MODE = wholemodule;
				SWIFT_OPTIMIZATION_LEVEL = "-O";
				TVOS_DEPLOYMENT_TARGET = 13.2;
				VALIDATE_PRODUCT = YES;
			};
			name = Release;
		};
		F1E13D1D23D6311B00A492EA /* Debug */ = {
			isa = XCBuildConfiguration;
			baseConfigurationReference = D955A082A94F014FC080865A /* Pods-Fvnction TV.debug.xcconfig */;
			buildSettings = {
				ASSETCATALOG_COMPILER_APPICON_NAME = "App Icon & Top Shelf Image";
				CODE_SIGN_IDENTITY = "Apple Development";
				CODE_SIGN_STYLE = Automatic;
				CURRENT_PROJECT_VERSION = 11;
				DEVELOPMENT_TEAM = 43R88X5B35;
				INFOPLIST_FILE = "Fvnction TV/Info.plist";
				LD_RUNPATH_SEARCH_PATHS = (
					"$(inherited)",
					"@executable_path/Frameworks",
				);
				PRODUCT_BUNDLE_IDENTIFIER = "com.sdwr.fvnction.Fvnction-TV";
				PRODUCT_NAME = "$(TARGET_NAME)";
				PROVISIONING_PROFILE_SPECIFIER = "";
				SWIFT_VERSION = 5.0;
				TARGETED_DEVICE_FAMILY = 3;
			};
			name = Debug;
		};
		F1E13D1E23D6311B00A492EA /* Release */ = {
			isa = XCBuildConfiguration;
			baseConfigurationReference = 97CC85E4A9E4F96D29007282 /* Pods-Fvnction TV.release.xcconfig */;
			buildSettings = {
				ASSETCATALOG_COMPILER_APPICON_NAME = "App Icon & Top Shelf Image";
				CODE_SIGN_IDENTITY = "Apple Development";
				CODE_SIGN_STYLE = Automatic;
				CURRENT_PROJECT_VERSION = 11;
				DEVELOPMENT_TEAM = 43R88X5B35;
				INFOPLIST_FILE = "Fvnction TV/Info.plist";
				LD_RUNPATH_SEARCH_PATHS = (
					"$(inherited)",
					"@executable_path/Frameworks",
				);
				PRODUCT_BUNDLE_IDENTIFIER = "com.sdwr.fvnction.Fvnction-TV";
				PRODUCT_NAME = "$(TARGET_NAME)";
				PROVISIONING_PROFILE_SPECIFIER = "";
				SWIFT_VERSION = 5.0;
				TARGETED_DEVICE_FAMILY = 3;
			};
			name = Release;
		};
/* End XCBuildConfiguration section */

/* Begin XCConfigurationList section */
		F1E13D0523D6311A00A492EA /* Build configuration list for PBXProject "Fvnction TV" */ = {
			isa = XCConfigurationList;
			buildConfigurations = (
				F1E13D1A23D6311B00A492EA /* Debug */,
				F1E13D1B23D6311B00A492EA /* Release */,
			);
			defaultConfigurationIsVisible = 0;
			defaultConfigurationName = Release;
		};
		F1E13D1C23D6311B00A492EA /* Build configuration list for PBXNativeTarget "Fvnction TV" */ = {
			isa = XCConfigurationList;
			buildConfigurations = (
				F1E13D1D23D6311B00A492EA /* Debug */,
				F1E13D1E23D6311B00A492EA /* Release */,
			);
			defaultConfigurationIsVisible = 0;
			defaultConfigurationName = Release;
		};
/* End XCConfigurationList section */
	};
	rootObject = F1E13D0223D6311A00A492EA /* Project object */;
}
